
Microsoft Visual Studio Solution File, Format Version 12.00
# Visual Studio 15
VisualStudioVersion = 15.0.28307.902
MinimumVisualStudioVersion = 10.0.40219.1
Project("{FAE04EC0-301F-11D3-BF4B-00C04F79EFBC}") = "UI", "UniversityLogisticsMaintenanceSystem\UI.csproj", "{CF53AE74-D435-4E3B-905F-C106A6CEEB7A}"
	ProjectSection(ProjectDependencies) = postProject
		{79EF03CA-0FB2-4DFA-9DFA-A09BC09D60CE} = {79EF03CA-0FB2-4DFA-9DFA-A09BC09D60CE}
		{76AA72E8-2C83-4D98-B364-83D57DF408A6} = {76AA72E8-2C83-4D98-B364-83D57DF408A6}
	EndProjectSection
EndProject
Project("{FAE04EC0-301F-11D3-BF4B-00C04F79EFBC}") = "DataAccess", "Access\DataAccess.csproj", "{576D1108-B449-4125-A3A3-6DF95CA4BE84}"
	ProjectSection(ProjectDependencies) = postProject
		{76AA72E8-2C83-4D98-B364-83D57DF408A6} = {76AA72E8-2C83-4D98-B364-83D57DF408A6}
	EndProjectSection
EndProject
Project("{FAE04EC0-301F-11D3-BF4B-00C04F79EFBC}") = "Model", "Model\Model.csproj", "{76AA72E8-2C83-4D98-B364-83D57DF408A6}"
EndProject
Project("{FAE04EC0-301F-11D3-BF4B-00C04F79EFBC}") = "Business", "Business\Business.csproj", "{79EF03CA-0FB2-4DFA-9DFA-A09BC09D60CE}"
	ProjectSection(ProjectDependencies) = postProject
		{576D1108-B449-4125-A3A3-6DF95CA4BE84} = {576D1108-B449-4125-A3A3-6DF95CA4BE84}
		{76AA72E8-2C83-4D98-B364-83D57DF408A6} = {76AA72E8-2C83-4D98-B364-83D57DF408A6}
	EndProjectSection
EndProject
Global
	GlobalSection(SolutionConfigurationPlatforms) = preSolution
		Debug|Any CPU = Debug|Any CPU
		Release|Any CPU = Release|Any CPU
	EndGlobalSection
	GlobalSection(ProjectConfigurationPlatforms) = postSolution
		{CF53AE74-D435-4E3B-905F-C106A6CEEB7A}.Debug|Any CPU.ActiveCfg = Debug|Any CPU
		{CF53AE74-D435-4E3B-905F-C106A6CEEB7A}.Debug|Any CPU.Build.0 = Debug|Any CPU
		{CF53AE74-D435-4E3B-905F-C106A6CEEB7A}.Release|Any CPU.ActiveCfg = Release|Any CPU
		{CF53AE74-D435-4E3B-905F-C106A6CEEB7A}.Release|Any CPU.Build.0 = Release|Any CPU
		{576D1108-B449-4125-A3A3-6DF95CA4BE84}.Debug|Any CPU.ActiveCfg = Debug|Any CPU
		{576D1108-B449-4125-A3A3-6DF95CA4BE84}.Debug|Any CPU.Build.0 = Debug|Any CPU
		{576D1108-B449-4125-A3A3-6DF95CA4BE84}.Release|Any CPU.ActiveCfg = Release|Any CPU
		{576D1108-B449-4125-A3A3-6DF95CA4BE84}.Release|Any CPU.Build.0 = Release|Any CPU
		{76AA72E8-2C83-4D98-B364-83D57DF408A6}.Debug|Any CPU.ActiveCfg = Debug|Any CPU
		{76AA72E8-2C83-4D98-B364-83D57DF408A6}.Debug|Any CPU.Build.0 = Debug|Any CPU
		{76AA72E8-2C83-4D98-B364-83D57DF408A6}.Release|Any CPU.ActiveCfg = Release|Any CPU
		{76AA72E8-2C83-4D98-B364-83D57DF408A6}.Release|Any CPU.Build.0 = Release|Any CPU
		{79EF03CA-0FB2-4DFA-9DFA-A09BC09D60CE}.Debug|Any CPU.ActiveCfg = Debug|Any CPU
		{79EF03CA-0FB2-4DFA-9DFA-A09BC09D60CE}.Debug|Any CPU.Build.0 = Debug|Any CPU
		{79EF03CA-0FB2-4DFA-9DFA-A09BC09D60CE}.Release|Any CPU.ActiveCfg = Release|Any CPU
		{79EF03CA-0FB2-4DFA-9DFA-A09BC09D60CE}.Release|Any CPU.Build.0 = Release|Any CPU
	EndGlobalSection
	GlobalSection(SolutionProperties) = preSolution
		HideSolutionNode = FALSE
	EndGlobalSection
	GlobalSection(ExtensibilityGlobals) = postSolution
		SolutionGuid = {4C6595BC-C8CC-4F1F-B716-A2A570FDEBA0}
	EndGlobalSection
EndGlobal
